
Microsoft Visual Studio Solution File, Format Version 12.00
# Visual Studio Version 16
VisualStudioVersion = 16.0.29519.87
MinimumVisualStudioVersion = 10.0.40219.1
Project("{FAE04EC0-301F-11D3-BF4B-00C04F79EFBC}") = "Kółko i krzyżyk", "Kółko i krzyżyk\Kółko i krzyżyk.csproj", "{01CD3369-65E3-4329-8353-AB54B01569B1}"
EndProject
Global
	GlobalSection(SolutionConfigurationPlatforms) = preSolution
		Debug|Any CPU = Debug|Any CPU
		Release|Any CPU = Release|Any CPU
	EndGlobalSection
	GlobalSection(ProjectConfigurationPlatforms) = postSolution
		{01CD3369-65E3-4329-8353-AB54B01569B1}.Debug|Any CPU.ActiveCfg = Debug|Any CPU
		{01CD3369-65E3-4329-8353-AB54B01569B1}.Debug|Any CPU.Build.0 = Debug|Any CPU
		{01CD3369-65E3-4329-8353-AB54B01569B1}.Release|Any CPU.ActiveCfg = Release|Any CPU
		{01CD3369-65E3-4329-8353-AB54B01569B1}.Release|Any CPU.Build.0 = Release|Any CPU
	EndGlobalSection
	GlobalSection(SolutionProperties) = preSolution
		HideSolutionNode = FALSE
	EndGlobalSection
	GlobalSection(ExtensibilityGlobals) = postSolution
		SolutionGuid = {4F92F6E1-CB80-450A-AB4F-49DDF55B0DB4}
	EndGlobalSection
EndGlobal
